// !$*UTF8*$!
{
	archiveVersion = 1;
	classes = {
	};
	objectVersion = 46;
	objects = {

/* Begin PBXBuildFile section */
		AC4BACB21E7209D500FCE749 /* AppDelegate.swift in Sources */ = {isa = PBXBuildFile; fileRef = AC4BACB11E7209D500FCE749 /* AppDelegate.swift */; };
		AC4BACB41E7209D500FCE749 /* ViewController.swift in Sources */ = {isa = PBXBuildFile; fileRef = AC4BACB31E7209D500FCE749 /* ViewController.swift */; };
		AC4BACB71E7209D500FCE749 /* Main.storyboard in Resources */ = {isa = PBXBuildFile; fileRef = AC4BACB51E7209D500FCE749 /* Main.storyboard */; };
		AC4BACB91E7209D500FCE749 /* Assets.xcassets in Resources */ = {isa = PBXBuildFile; fileRef = AC4BACB81E7209D500FCE749 /* Assets.xcassets */; };
		AC4BACBC1E7209D500FCE749 /* LaunchScreen.storyboard in Resources */ = {isa = PBXBuildFile; fileRef = AC4BACBA1E7209D500FCE749 /* LaunchScreen.storyboard */; };
/* End PBXBuildFile section */

/* Begin PBXFileReference section */
		AC4BACAE1E7209D400FCE749 /* AppOnboarding.app */ = {isa = PBXFileReference; explicitFileType = wrapper.application; includeInIndex = 0; path = AppOnboarding.app; sourceTree = BUILT_PRODUCTS_DIR; };
		AC4BACB11E7209D500FCE749 /* AppDelegate.swift */ = {isa = PBXFileReference; lastKnownFileType = sourcecode.swift; path = AppDelegate.swift; sourceTree = "<group>"; };
		AC4BACB31E7209D500FCE749 /* ViewController.swift */ = {isa = PBXFileReference; lastKnownFileType = sourcecode.swift; path = ViewController.swift; sourceTree = "<group>"; };
		AC4BACB61E7209D500FCE749 /* Base */ = {isa = PBXFileReference; lastKnownFileType = file.storyboard; name = Base; path = Base.lproj/Main.storyboard; sourceTree = "<group>"; };
		AC4BACB81E7209D500FCE749 /* Assets.xcassets */ = {isa = PBXFileReference; lastKnownFileType = folder.assetcatalog; path = Assets.xcassets; sourceTree = "<group>"; };
		AC4BACBB1E7209D500FCE749 /* Base */ = {isa = PBXFileReference; lastKnownFileType = file.storyboard; name = Base; path = Base.lproj/LaunchScreen.storyboard; sourceTree = "<group>"; };
		AC4BACBD1E7209D500FCE749 /* Info.plist */ = {isa = PBXFileReference; lastKnownFileType = text.plist.xml; path = Info.plist; sourceTree = "<group>"; };
/* End PBXFileReference section */

/* Begin PBXFrameworksBuildPhase section */
		AC4BACAB1E7209D400FCE749 /* Frameworks */ = {
			isa = PBXFrameworksBuildPhase;
			buildActionMask = 2147483647;
			files = (
			);
			runOnlyForDeploymentPostprocessing = 0;
		};
/* End PBXFrameworksBuildPhase section */

/* Begin PBXGroup section */
		AC4BACA51E7209D400FCE749 = {
			isa = PBXGroup;
			children = (
				AC4BACB01E7209D400FCE749 /* AppOnboarding */,
				AC4BACAF1E7209D400FCE749 /* Products */,
			);
			sourceTree = "<group>";
		};
		AC4BACAF1E7209D400FCE749 /* Products */ = {
			isa = PBXGroup;
			children = (
				AC4BACAE1E7209D400FCE749 /* AppOnboarding.app */,
			);
			name = Products;
			sourceTree = "<group>";
		};
		AC4BACB01E7209D400FCE749 /* AppOnboarding */ = {
			isa = PBXGroup;
			children = (
				AC4BACB11E7209D500FCE749 /* AppDelegate.swift */,
				AC4BACB31E7209D500FCE749 /* ViewController.swift */,
				AC4BACB51E7209D500FCE749 /* Main.storyboard */,
				AC4BACB81E7209D500FCE749 /* Assets.xcassets */,
				AC4BACBA1E7209D500FCE749 /* LaunchScreen.storyboard */,
				AC4BACBD1E7209D500FCE749 /* Info.plist */,
			);
			path = AppOnboarding;
			sourceTree = "<group>";
		};
/* End PBXGroup section */

/* Begin PBXNativeTarget section */
		AC4BACAD1E7209D400FCE749 /* AppOnboarding */ = {
			isa = PBXNativeTarget;
			buildConfigurationList = AC4BACC01E7209D500FCE749 /* Build configuration list for PBXNativeTarget "AppOnboarding" */;
			buildPhases = (
				AC4BACAA1E7209D400FCE749 /* Sources */,
				AC4BACAB1E7209D400FCE749 /* Frameworks */,
				AC4BACAC1E7209D400FCE749 /* Resources */,
			);
			buildRules = (
			);
			dependencies = (
			);
			name = AppOnboarding;
			productName = AppOnboarding;
			productReference = AC4BACAE1E7209D400FCE749 /* AppOnboarding.app */;
			productType = "com.apple.product-type.application";
		};
/* End PBXNativeTarget section */

/* Begin PBXProject section */
		AC4BACA61E7209D400FCE749 /* Project object */ = {
			isa = PBXProject;
			attributes = {
				LastSwiftUpdateCheck = 0820;
				LastUpgradeCheck = 0820;
				ORGANIZATIONNAME = "MrAli•Gorithm";
				TargetAttributes = {
					AC4BACAD1E7209D400FCE749 = {
						CreatedOnToolsVersion = 8.2.1;
						DevelopmentTeam = U3FSDK5XFF;
						ProvisioningStyle = Automatic;
					};
				};
			};
			buildConfigurationList = AC4BACA91E7209D400FCE749 /* Build configuration list for PBXProject "AppOnboarding" */;
			compatibilityVersion = "Xcode 3.2";
			developmentRegion = English;
			hasScannedForEncodings = 0;
			knownRegions = (
				en,
				Base,
			);
			mainGroup = AC4BACA51E7209D400FCE749;
			productRefGroup = AC4BACAF1E7209D400FCE749 /* Products */;
			projectDirPath = "";
			projectRoot = "";
			targets = (
				AC4BACAD1E7209D400FCE749 /* AppOnboarding */,
			);
		};
/* End PBXProject section */

/* Begin PBXResourcesBuildPhase section */
		AC4BACAC1E7209D400FCE749 /* Resources */ = {
			isa = PBXResourcesBuildPhase;
			buildActionMask = 2147483647;
			files = (
				AC4BACBC1E7209D500FCE749 /* LaunchScreen.storyboard in Resources */,
				AC4BACB91E7209D500FCE749 /* Assets.xcassets in Resources */,
				AC4BACB71E7209D500FCE749 /* Main.storyboard in Resources */,
			);
			runOnlyForDeploymentPostprocessing = 0;
		};
/* End PBXResourcesBuildPhase section */

/* Begin PBXSourcesBuildPhase section */
		AC4BACAA1E7209D400FCE749 /* Sources */ = {
			isa = PBXSourcesBuildPhase;
			buildActionMask = 2147483647;
			files = (
				AC4BACB41E7209D500FCE749 /* ViewController.swift in Sources */,
				AC4BACB21E7209D500FCE749 /* AppDelegate.swift in Sources */,
			);
			runOnlyForDeploymentPostprocessing = 0;
		};
/* End PBXSourcesBuildPhase section */

/* Begin PBXVariantGroup section */
		AC4BACB51E7209D500FCE749 /* Main.storyboard */ = {
			isa = PBXVariantGroup;
			children = (
				AC4BACB61E7209D500FCE749 /* Base */,
			);
			name = Main.storyboard;
			sourceTree = "<group>";
		};
		AC4BACBA1E7209D500FCE749 /* LaunchScreen.storyboard */ = {
			isa = PBXVariantGroup;
			children = (
				AC4BACBB1E7209D500FCE749 /* Base */,
			);
			name = LaunchScreen.storyboard;
			sourceTree = "<group>";
		};
/* End PBXVariantGroup section */

/* Begin XCBuildConfiguration section */
		AC4BACBE1E7209D500FCE749 /* Debug */ = {
			isa = XCBuildConfiguration;
			buildSettings = {
				ALWAYS_SEARCH_USER_PATHS = NO;
				CLANG_ANALYZER_NONNULL = YES;
				CLANG_CXX_LANGUAGE_STANDARD = "gnu++0x";
				CLANG_CXX_LIBRARY = "libc++";
				CLANG_ENABLE_MODULES = YES;
				CLANG_ENABLE_OBJC_ARC = YES;
				CLANG_WARN_BOOL_CONVERSION = YES;
				CLANG_WARN_CONSTANT_CONVERSION = YES;
				CLANG_WARN_DIRECT_OBJC_ISA_USAGE = YES_ERROR;
				CLANG_WARN_DOCUMENTATION_COMMENTS = YES;
				CLANG_WARN_EMPTY_BODY = YES;
				CLANG_WARN_ENUM_CONVERSION = YES;
				CLANG_WARN_INFINITE_RECURSION = YES;
				CLANG_WARN_INT_CONVERSION = YES;
				CLANG_WARN_OBJC_ROOT_CLASS = YES_ERROR;
				CLANG_WARN_SUSPICIOUS_MOVE = YES;
				CLANG_WARN_UNREACHABLE_CODE = YES;
				CLANG_WARN__DUPLICATE_METHOD_MATCH = YES;
				"CODE_SIGN_IDENTITY[sdk=iphoneos*]" = "iPhone Developer";
				COPY_PHASE_STRIP = NO;
				DEBUG_INFORMATION_FORMAT = dwarf;
				ENABLE_STRICT_OBJC_MSGSEND = YES;
				ENABLE_TESTABILITY = YES;
				GCC_C_LANGUAGE_STANDARD = gnu99;
				GCC_DYNAMIC_NO_PIC = NO;
				GCC_NO_COMMON_BLOCKS = YES;
				GCC_OPTIMIZATION_LEVEL = 0;
				GCC_PREPROCESSOR_DEFINITIONS = (
					"DEBUG=1",
					"$(inherited)",
				);
				GCC_WARN_64_TO_32_BIT_CONVERSION = YES;
				GCC_WARN_ABOUT_RETURN_TYPE = YES_ERROR;
				GCC_WARN_UNDECLARED_SELECTOR = YES;
				GCC_WARN_UNINITIALIZED_AUTOS = YES_AGGRESSIVE;
				GCC_WARN_UNUSED_FUNCTION = YES;
				GCC_WARN_UNUSED_VARIABLE = YES;
				IPHONEOS_DEPLOYMENT_TARGET = 10.2;
				MTL_ENABLE_DEBUG_INFO = YES;
				ONLY_ACTIVE_ARCH = YES;
				SDKROOT = iphoneos;
				SWIFT_ACTIVE_COMPILATION_CONDITIONS = DEBUG;
				SWIFT_OPTIMIZATION_LEVEL = "-Onone";
			};
			name = Debug;
		};
		AC4BACBF1E7209D500FCE749 /* Release */ = {
			isa = XCBuildConfiguration;
			buildSettings = {
				ALWAYS_SEARCH_USER_PATHS = NO;
				CLANG_ANALYZER_NONNULL = YES;
				CLANG_CXX_LANGUAGE_STANDARD = "gnu++0x";
				CLANG_CXX_LIBRARY = "libc++";
				CLANG_ENABLE_MODULES = YES;
				CLANG_ENABLE_OBJC_ARC = YES;
				CLANG_WARN_BOOL_CONVERSION = YES;
				CLANG_WARN_CONSTANT_CONVERSION = YES;
				CLANG_WARN_DIRECT_OBJC_ISA_USAGE = YES_ERROR;
				CLANG_WARN_DOCUMENTATION_COMMENTS = YES;
				CLANG_WARN_EMPTY_BODY = YES;
				CLANG_WARN_ENUM_CONVERSION = YES;
				CLANG_WARN_INFINITE_RECURSION = YES;
				CLANG_WARN_INT_CONVERSION = YES;
				CLANG_WARN_OBJC_ROOT_CLASS = YES_ERROR;
				CLANG_WARN_SUSPICIOUS_MOVE = YES;
				CLANG_WARN_UNREACHABLE_CODE = YES;
				CLANG_WARN__DUPLICATE_METHOD_MATCH = YES;
				"CODE_SIGN_IDENTITY[sdk=iphoneos*]" = "iPhone Developer";
				COPY_PHASE_STRIP = NO;
				DEBUG_INFORMATION_FORMAT = "dwarf-with-dsym";
				ENABLE_NS_ASSERTIONS = NO;
				ENABLE_STRICT_OBJC_MSGSEND = YES;
				GCC_C_LANGUAGE_STANDARD = gnu99;
				GCC_NO_COMMON_BLOCKS = YES;
				GCC_WARN_64_TO_32_BIT_CONVERSION = YES;
				GCC_WARN_ABOUT_RETURN_TYPE = YES_ERROR;
				GCC_WARN_UNDECLARED_SELECTOR = YES;
				GCC_WARN_UNINITIALIZED_AUTOS = YES_AGGRESSIVE;
				GCC_WARN_UNUSED_FUNCTION = YES;
				GCC_WARN_UNUSED_VARIABLE = YES;
				IPHONEOS_DEPLOYMENT_TARGET = 10.2;
				MTL_ENABLE_DEBUG_INFO = NO;
				SDKROOT = iphoneos;
				SWIFT_OPTIMIZATION_LEVEL = "-Owholemodule";
				VALIDATE_PRODUCT = YES;
			};
			name = Release;
		};
		AC4BACC11E7209D500FCE749 /* Debug */ = {
			isa = XCBuildConfiguration;
			buildSettings = {
				ASSETCATALOG_COMPILER_APPICON_NAME = AppIcon;
				DEVELOPMENT_TEAM = U3FSDK5XFF;
				INFOPLIST_FILE = AppOnboarding/Info.plist;
				LD_RUNPATH_SEARCH_PATHS = "$(inherited) @executable_path/Frameworks";
				PRODUCT_BUNDLE_IDENTIFIER = com.app.AppOnboarding;
				PRODUCT_NAME = "$(TARGET_NAME)";
				SWIFT_VERSION = 3.0;
			};
			name = Debug;
		};
		AC4BACC21E7209D500FCE749 /* Release */ = {
			isa = XCBuildConfiguration;
			buildSettings = {
				ASSETCATALOG_COMPILER_APPICON_NAME = AppIcon;
				DEVELOPMENT_TEAM = U3FSDK5XFF;
				INFOPLIST_FILE = AppOnboarding/Info.plist;
				LD_RUNPATH_SEARCH_PATHS = "$(inherited) @executable_path/Frameworks";
				PRODUCT_BUNDLE_IDENTIFIER = com.app.AppOnboarding;
				PRODUCT_NAME = "$(TARGET_NAME)";
				SWIFT_VERSION = 3.0;
			};
			name = Release;
		};
/* End XCBuildConfiguration section */

/* Begin XCConfigurationList section */
		AC4BACA91E7209D400FCE749 /* Build configuration list for PBXProject "AppOnboarding" */ = {
			isa = XCConfigurationList;
			buildConfigurations = (
				AC4BACBE1E7209D500FCE749 /* Debug */,
				AC4BACBF1E7209D500FCE749 /* Release */,
			);
			defaultConfigurationIsVisible = 0;
			defaultConfigurationName = Release;
		};
		AC4BACC01E7209D500FCE749 /* Build configuration list for PBXNativeTarget "AppOnboarding" */ = {
			isa = XCConfigurationList;
			buildConfigurations = (
				AC4BACC11E7209D500FCE749 /* Debug */,
				AC4BACC21E7209D500FCE749 /* Release */,
			);
			defaultConfigurationIsVisible = 0;
		};
/* End XCConfigurationList section */
	};
	rootObject = AC4BACA61E7209D400FCE749 /* Project object */;
}
